
Microsoft Visual Studio Solution File, Format Version 12.00
# Visual Studio Version 16
VisualStudioVersion = 16.0.31702.278
MinimumVisualStudioVersion = 10.0.40219.1
Project("{9A19103F-16F7-4668-BE54-9A1E7A4F7556}") = "CS4790GroupProject", "CS4790GroupProject.csproj", "{C392F47A-7C69-46A6-91CF-C18F3B27CD1C}"
	ProjectSection(ProjectDependencies) = postProject
		{F5C1D12F-BF0A-4288-9DF9-18A8D12825F0} = {F5C1D12F-BF0A-4288-9DF9-18A8D12825F0}
	EndProjectSection
EndProject
Project("{9A19103F-16F7-4668-BE54-9A1E7A4F7556}") = "Infrastructure", "..\Infrastructure\Infrastructure.csproj", "{F5C1D12F-BF0A-4288-9DF9-18A8D12825F0}"
	ProjectSection(ProjectDependencies) = postProject
		{948E58CD-F7C2-43A0-A274-D23FC6AD3F01} = {948E58CD-F7C2-43A0-A274-D23FC6AD3F01}
	EndProjectSection
EndProject
Project("{9A19103F-16F7-4668-BE54-9A1E7A4F7556}") = "ApplicationCore", "..\ApplicationCore\ApplicationCore.csproj", "{948E58CD-F7C2-43A0-A274-D23FC6AD3F01}"
EndProject
Global
	GlobalSection(SolutionConfigurationPlatforms) = preSolution
		Debug|Any CPU = Debug|Any CPU
		Release|Any CPU = Release|Any CPU
	EndGlobalSection
	GlobalSection(ProjectConfigurationPlatforms) = postSolution
		{C392F47A-7C69-46A6-91CF-C18F3B27CD1C}.Debug|Any CPU.ActiveCfg = Debug|Any CPU
		{C392F47A-7C69-46A6-91CF-C18F3B27CD1C}.Debug|Any CPU.Build.0 = Debug|Any CPU
		{C392F47A-7C69-46A6-91CF-C18F3B27CD1C}.Release|Any CPU.ActiveCfg = Release|Any CPU
		{C392F47A-7C69-46A6-91CF-C18F3B27CD1C}.Release|Any CPU.Build.0 = Release|Any CPU
		{F5C1D12F-BF0A-4288-9DF9-18A8D12825F0}.Debug|Any CPU.ActiveCfg = Debug|Any CPU
		{F5C1D12F-BF0A-4288-9DF9-18A8D12825F0}.Debug|Any CPU.Build.0 = Debug|Any CPU
		{F5C1D12F-BF0A-4288-9DF9-18A8D12825F0}.Release|Any CPU.ActiveCfg = Release|Any CPU
		{F5C1D12F-BF0A-4288-9DF9-18A8D12825F0}.Release|Any CPU.Build.0 = Release|Any CPU
		{948E58CD-F7C2-43A0-A274-D23FC6AD3F01}.Debug|Any CPU.ActiveCfg = Debug|Any CPU
		{948E58CD-F7C2-43A0-A274-D23FC6AD3F01}.Debug|Any CPU.Build.0 = Debug|Any CPU
		{948E58CD-F7C2-43A0-A274-D23FC6AD3F01}.Release|Any CPU.ActiveCfg = Release|Any CPU
		{948E58CD-F7C2-43A0-A274-D23FC6AD3F01}.Release|Any CPU.Build.0 = Release|Any CPU
	EndGlobalSection
	GlobalSection(SolutionProperties) = preSolution
		HideSolutionNode = FALSE
	EndGlobalSection
	GlobalSection(ExtensibilityGlobals) = postSolution
		SolutionGuid = {9B722028-9421-4288-B294-FCF31C1299C1}
	EndGlobalSection
EndGlobal
